{
  "pins" : [
    {
      "identity" : "ink_mobile_helpers",
      "kind" : "remoteSourceControl",
      "location" : "https://github.com/inkaviation/ink_mobile_helpers",
      "state" : {
        "branch" : "main",
        "revision" : "cc3bfa3015652a3f9f351c267a61dc5499ee407a"
      }
    }
  ],
  "version" : 2
}
