{
  "pins" : [
    {
      "identity" : "ink_mobile_helpers",
      "kind" : "remoteSourceControl",
      "location" : "https://github.com/inkaviation/ink_mobile_helpers",
      "state" : {
        "branch" : "main",
        "revision" : "0d8ca948d262b5874a8d58548e372080834b89dc"
      }
    }
  ],
  "version" : 2
}
