// !$*UTF8*$!
{
	archiveVersion = 1;
	classes = {
	};
	objectVersion = 56;
	objects = {

/* Begin PBXBuildFile section */
		860B629029C5071700D0F399 /* passenger_on_demand.json in Resources */ = {isa = PBXBuildFile; fileRef = 860B628F29C5071700D0F399 /* passenger_on_demand.json */; };
		860CD82A29F03C9400B51045 /* AppDelegate.swift in Sources */ = {isa = PBXBuildFile; fileRef = 860CD82929F03C9400B51045 /* AppDelegate.swift */; };
		866ADC0229BA29320015E4CA /* DesignEngineApp.swift in Sources */ = {isa = PBXBuildFile; fileRef = 866ADC0129BA29320015E4CA /* DesignEngineApp.swift */; };
		866ADC0429BA29320015E4CA /* ContentView.swift in Sources */ = {isa = PBXBuildFile; fileRef = 866ADC0329BA29320015E4CA /* ContentView.swift */; };
		866ADC0629BA29340015E4CA /* Assets.xcassets in Resources */ = {isa = PBXBuildFile; fileRef = 866ADC0529BA29340015E4CA /* Assets.xcassets */; };
		866ADC0929BA29340015E4CA /* Preview Assets.xcassets in Resources */ = {isa = PBXBuildFile; fileRef = 866ADC0829BA29340015E4CA /* Preview Assets.xcassets */; };
		86AAA12029F1E87E00A48261 /* turnaround_plan.json in Resources */ = {isa = PBXBuildFile; fileRef = 86AAA11F29F1E87E00A48261 /* turnaround_plan.json */; };
		86DBD9C429EEC71400D060D6 /* ITUIBuilderKit in Frameworks */ = {isa = PBXBuildFile; productRef = 86DBD9C329EEC71400D060D6 /* ITUIBuilderKit */; };
		86EA1CB729EDE72500AFF2BD /* Colors.xcassets in Resources */ = {isa = PBXBuildFile; fileRef = 86EA1CB629EDE72500AFF2BD /* Colors.xcassets */; };
		86EA1CB929EDE75200AFF2BD /* Color+Ext.swift in Sources */ = {isa = PBXBuildFile; fileRef = 86EA1CB829EDE75200AFF2BD /* Color+Ext.swift */; };
		86F91E4229F08966003C48F7 /* check_in.json in Resources */ = {isa = PBXBuildFile; fileRef = 86F91E4129F08966003C48F7 /* check_in.json */; };
		86F933C529F2E61000D909FD /* turnaround_plan_model.json in Resources */ = {isa = PBXBuildFile; fileRef = 86F933C429F2E61000D909FD /* turnaround_plan_model.json */; };
		86F933C729F2EF2000D909FD /* INTurnAroundPlan.swift in Sources */ = {isa = PBXBuildFile; fileRef = 86F933C629F2EF2000D909FD /* INTurnAroundPlan.swift */; };
		86F933C929F2F00D00D909FD /* TurnAroundPlanViewModel.swift in Sources */ = {isa = PBXBuildFile; fileRef = 86F933C829F2F00D00D909FD /* TurnAroundPlanViewModel.swift */; };
		86F933CB29F2F02000D909FD /* TurnAroundPlanView.swift in Sources */ = {isa = PBXBuildFile; fileRef = 86F933CA29F2F02000D909FD /* TurnAroundPlanView.swift */; };
		86F933CD29F2F20700D909FD /* Bundle+Ext.swift in Sources */ = {isa = PBXBuildFile; fileRef = 86F933CC29F2F20700D909FD /* Bundle+Ext.swift */; };
		86F933CF29F2F46400D909FD /* TurnAroundEventView.swift in Sources */ = {isa = PBXBuildFile; fileRef = 86F933CE29F2F46400D909FD /* TurnAroundEventView.swift */; };
		86F933D129F2F47C00D909FD /* TurnAroundEventViewModel.swift in Sources */ = {isa = PBXBuildFile; fileRef = 86F933D029F2F47C00D909FD /* TurnAroundEventViewModel.swift */; };
/* End PBXBuildFile section */

/* Begin PBXFileReference section */
		860B628F29C5071700D0F399 /* passenger_on_demand.json */ = {isa = PBXFileReference; fileEncoding = 4; lastKnownFileType = text.json; path = passenger_on_demand.json; sourceTree = "<group>"; };
		860CD82929F03C9400B51045 /* AppDelegate.swift */ = {isa = PBXFileReference; lastKnownFileType = sourcecode.swift; path = AppDelegate.swift; sourceTree = "<group>"; };
		860CD82B29F03D3F00B51045 /* DesignEngine.entitlements */ = {isa = PBXFileReference; lastKnownFileType = text.plist.entitlements; path = DesignEngine.entitlements; sourceTree = "<group>"; };
		866ADBFE29BA29320015E4CA /* DesignEngine.app */ = {isa = PBXFileReference; explicitFileType = wrapper.application; includeInIndex = 0; path = DesignEngine.app; sourceTree = BUILT_PRODUCTS_DIR; };
		866ADC0129BA29320015E4CA /* DesignEngineApp.swift */ = {isa = PBXFileReference; lastKnownFileType = sourcecode.swift; path = DesignEngineApp.swift; sourceTree = "<group>"; };
		866ADC0329BA29320015E4CA /* ContentView.swift */ = {isa = PBXFileReference; lastKnownFileType = sourcecode.swift; path = ContentView.swift; sourceTree = "<group>"; };
		866ADC0529BA29340015E4CA /* Assets.xcassets */ = {isa = PBXFileReference; lastKnownFileType = folder.assetcatalog; path = Assets.xcassets; sourceTree = "<group>"; };
		866ADC0829BA29340015E4CA /* Preview Assets.xcassets */ = {isa = PBXFileReference; lastKnownFileType = folder.assetcatalog; path = "Preview Assets.xcassets"; sourceTree = "<group>"; };
		86AAA11F29F1E87E00A48261 /* turnaround_plan.json */ = {isa = PBXFileReference; fileEncoding = 4; lastKnownFileType = text.json; path = turnaround_plan.json; sourceTree = "<group>"; };
		86DBD9C129EEC5AB00D060D6 /* ITUIBuilderKit */ = {isa = PBXFileReference; lastKnownFileType = wrapper; path = ITUIBuilderKit; sourceTree = "<group>"; };
		86EA1CB629EDE72500AFF2BD /* Colors.xcassets */ = {isa = PBXFileReference; lastKnownFileType = folder.assetcatalog; path = Colors.xcassets; sourceTree = "<group>"; };
		86EA1CB829EDE75200AFF2BD /* Color+Ext.swift */ = {isa = PBXFileReference; lastKnownFileType = sourcecode.swift; path = "Color+Ext.swift"; sourceTree = "<group>"; };
		86F91E4129F08966003C48F7 /* check_in.json */ = {isa = PBXFileReference; fileEncoding = 4; lastKnownFileType = text.json; path = check_in.json; sourceTree = "<group>"; };
		86F933C429F2E61000D909FD /* turnaround_plan_model.json */ = {isa = PBXFileReference; fileEncoding = 4; lastKnownFileType = text.json; path = turnaround_plan_model.json; sourceTree = "<group>"; };
		86F933C629F2EF2000D909FD /* INTurnAroundPlan.swift */ = {isa = PBXFileReference; lastKnownFileType = sourcecode.swift; path = INTurnAroundPlan.swift; sourceTree = "<group>"; };
		86F933C829F2F00D00D909FD /* TurnAroundPlanViewModel.swift */ = {isa = PBXFileReference; lastKnownFileType = sourcecode.swift; path = TurnAroundPlanViewModel.swift; sourceTree = "<group>"; };
		86F933CA29F2F02000D909FD /* TurnAroundPlanView.swift */ = {isa = PBXFileReference; lastKnownFileType = sourcecode.swift; path = TurnAroundPlanView.swift; sourceTree = "<group>"; };
		86F933CC29F2F20700D909FD /* Bundle+Ext.swift */ = {isa = PBXFileReference; lastKnownFileType = sourcecode.swift; path = "Bundle+Ext.swift"; sourceTree = "<group>"; };
		86F933CE29F2F46400D909FD /* TurnAroundEventView.swift */ = {isa = PBXFileReference; lastKnownFileType = sourcecode.swift; path = TurnAroundEventView.swift; sourceTree = "<group>"; };
		86F933D029F2F47C00D909FD /* TurnAroundEventViewModel.swift */ = {isa = PBXFileReference; lastKnownFileType = sourcecode.swift; path = TurnAroundEventViewModel.swift; sourceTree = "<group>"; };
/* End PBXFileReference section */

/* Begin PBXFrameworksBuildPhase section */
		866ADBFB29BA29320015E4CA /* Frameworks */ = {
			isa = PBXFrameworksBuildPhase;
			buildActionMask = 2147483647;
			files = (
				86DBD9C429EEC71400D060D6 /* ITUIBuilderKit in Frameworks */,
			);
			runOnlyForDeploymentPostprocessing = 0;
		};
/* End PBXFrameworksBuildPhase section */

/* Begin PBXGroup section */
		860B629129C5228600D0F399 /* Data Models */ = {
			isa = PBXGroup;
			children = (
			);
			path = "Data Models";
			sourceTree = "<group>";
		};
		866ADBF529BA29320015E4CA = {
			isa = PBXGroup;
			children = (
				86DBD9C129EEC5AB00D060D6 /* ITUIBuilderKit */,
				866ADC0029BA29320015E4CA /* DesignEngine */,
				866ADBFF29BA29320015E4CA /* Products */,
				86DBD9C229EEC71400D060D6 /* Frameworks */,
			);
			sourceTree = "<group>";
		};
		866ADBFF29BA29320015E4CA /* Products */ = {
			isa = PBXGroup;
			children = (
				866ADBFE29BA29320015E4CA /* DesignEngine.app */,
			);
			name = Products;
			sourceTree = "<group>";
		};
		866ADC0029BA29320015E4CA /* DesignEngine */ = {
			isa = PBXGroup;
			children = (
				860CD82B29F03D3F00B51045 /* DesignEngine.entitlements */,
				866ADC0129BA29320015E4CA /* DesignEngineApp.swift */,
				866ADC0329BA29320015E4CA /* ContentView.swift */,
				860B629129C5228600D0F399 /* Data Models */,
				866ADC0529BA29340015E4CA /* Assets.xcassets */,
				866ADC0729BA29340015E4CA /* Preview Content */,
				86AAA11F29F1E87E00A48261 /* turnaround_plan.json */,
				86F933C429F2E61000D909FD /* turnaround_plan_model.json */,
				860B628F29C5071700D0F399 /* passenger_on_demand.json */,
				86F91E4129F08966003C48F7 /* check_in.json */,
				86EA1CB629EDE72500AFF2BD /* Colors.xcassets */,
				86EA1CB829EDE75200AFF2BD /* Color+Ext.swift */,
				860CD82929F03C9400B51045 /* AppDelegate.swift */,
				86F933C629F2EF2000D909FD /* INTurnAroundPlan.swift */,
				86F933C829F2F00D00D909FD /* TurnAroundPlanViewModel.swift */,
				86F933CA29F2F02000D909FD /* TurnAroundPlanView.swift */,
				86F933CC29F2F20700D909FD /* Bundle+Ext.swift */,
				86F933CE29F2F46400D909FD /* TurnAroundEventView.swift */,
				86F933D029F2F47C00D909FD /* TurnAroundEventViewModel.swift */,
			);
			path = DesignEngine;
			sourceTree = "<group>";
		};
		866ADC0729BA29340015E4CA /* Preview Content */ = {
			isa = PBXGroup;
			children = (
				866ADC0829BA29340015E4CA /* Preview Assets.xcassets */,
			);
			path = "Preview Content";
			sourceTree = "<group>";
		};
		86DBD9C229EEC71400D060D6 /* Frameworks */ = {
			isa = PBXGroup;
			children = (
			);
			name = Frameworks;
			sourceTree = "<group>";
		};
/* End PBXGroup section */

/* Begin PBXNativeTarget section */
		866ADBFD29BA29320015E4CA /* DesignEngine */ = {
			isa = PBXNativeTarget;
			buildConfigurationList = 866ADC0C29BA29340015E4CA /* Build configuration list for PBXNativeTarget "DesignEngine" */;
			buildPhases = (
				866ADBFA29BA29320015E4CA /* Sources */,
				866ADBFB29BA29320015E4CA /* Frameworks */,
				866ADBFC29BA29320015E4CA /* Resources */,
			);
			buildRules = (
			);
			dependencies = (
			);
			name = DesignEngine;
			packageProductDependencies = (
				86DBD9C329EEC71400D060D6 /* ITUIBuilderKit */,
			);
			productName = DesignEngine;
			productReference = 866ADBFE29BA29320015E4CA /* DesignEngine.app */;
			productType = "com.apple.product-type.application";
		};
/* End PBXNativeTarget section */

/* Begin PBXProject section */
		866ADBF629BA29320015E4CA /* Project object */ = {
			isa = PBXProject;
			attributes = {
				BuildIndependentTargetsInParallel = 1;
				LastSwiftUpdateCheck = 1420;
				LastUpgradeCheck = 1420;
				TargetAttributes = {
					866ADBFD29BA29320015E4CA = {
						CreatedOnToolsVersion = 14.2;
					};
				};
			};
			buildConfigurationList = 866ADBF929BA29320015E4CA /* Build configuration list for PBXProject "DesignEngine" */;
			compatibilityVersion = "Xcode 14.0";
			developmentRegion = en;
			hasScannedForEncodings = 0;
			knownRegions = (
				en,
				Base,
			);
			mainGroup = 866ADBF529BA29320015E4CA;
			packageReferences = (
			);
			productRefGroup = 866ADBFF29BA29320015E4CA /* Products */;
			projectDirPath = "";
			projectRoot = "";
			targets = (
				866ADBFD29BA29320015E4CA /* DesignEngine */,
			);
		};
/* End PBXProject section */

/* Begin PBXResourcesBuildPhase section */
		866ADBFC29BA29320015E4CA /* Resources */ = {
			isa = PBXResourcesBuildPhase;
			buildActionMask = 2147483647;
			files = (
				866ADC0929BA29340015E4CA /* Preview Assets.xcassets in Resources */,
				86EA1CB729EDE72500AFF2BD /* Colors.xcassets in Resources */,
				86AAA12029F1E87E00A48261 /* turnaround_plan.json in Resources */,
				86F933C529F2E61000D909FD /* turnaround_plan_model.json in Resources */,
				866ADC0629BA29340015E4CA /* Assets.xcassets in Resources */,
				86F91E4229F08966003C48F7 /* check_in.json in Resources */,
				860B629029C5071700D0F399 /* passenger_on_demand.json in Resources */,
			);
			runOnlyForDeploymentPostprocessing = 0;
		};
/* End PBXResourcesBuildPhase section */

/* Begin PBXSourcesBuildPhase section */
		866ADBFA29BA29320015E4CA /* Sources */ = {
			isa = PBXSourcesBuildPhase;
			buildActionMask = 2147483647;
			files = (
				86F933CB29F2F02000D909FD /* TurnAroundPlanView.swift in Sources */,
				86F933CD29F2F20700D909FD /* Bundle+Ext.swift in Sources */,
				866ADC0429BA29320015E4CA /* ContentView.swift in Sources */,
				86F933C729F2EF2000D909FD /* INTurnAroundPlan.swift in Sources */,
				866ADC0229BA29320015E4CA /* DesignEngineApp.swift in Sources */,
				86F933C929F2F00D00D909FD /* TurnAroundPlanViewModel.swift in Sources */,
				860CD82A29F03C9400B51045 /* AppDelegate.swift in Sources */,
				86EA1CB929EDE75200AFF2BD /* Color+Ext.swift in Sources */,
				86F933CF29F2F46400D909FD /* TurnAroundEventView.swift in Sources */,
				86F933D129F2F47C00D909FD /* TurnAroundEventViewModel.swift in Sources */,
			);
			runOnlyForDeploymentPostprocessing = 0;
		};
/* End PBXSourcesBuildPhase section */

/* Begin XCBuildConfiguration section */
		866ADC0A29BA29340015E4CA /* Debug */ = {
			isa = XCBuildConfiguration;
			buildSettings = {
				ALWAYS_SEARCH_USER_PATHS = NO;
				CLANG_ANALYZER_NONNULL = YES;
				CLANG_ANALYZER_NUMBER_OBJECT_CONVERSION = YES_AGGRESSIVE;
				CLANG_CXX_LANGUAGE_STANDARD = "gnu++20";
				CLANG_ENABLE_MODULES = YES;
				CLANG_ENABLE_OBJC_ARC = YES;
				CLANG_ENABLE_OBJC_WEAK = YES;
				CLANG_WARN_BLOCK_CAPTURE_AUTORELEASING = YES;
				CLANG_WARN_BOOL_CONVERSION = YES;
				CLANG_WARN_COMMA = YES;
				CLANG_WARN_CONSTANT_CONVERSION = YES;
				CLANG_WARN_DEPRECATED_OBJC_IMPLEMENTATIONS = YES;
				CLANG_WARN_DIRECT_OBJC_ISA_USAGE = YES_ERROR;
				CLANG_WARN_DOCUMENTATION_COMMENTS = YES;
				CLANG_WARN_EMPTY_BODY = YES;
				CLANG_WARN_ENUM_CONVERSION = YES;
				CLANG_WARN_INFINITE_RECURSION = YES;
				CLANG_WARN_INT_CONVERSION = YES;
				CLANG_WARN_NON_LITERAL_NULL_CONVERSION = YES;
				CLANG_WARN_OBJC_IMPLICIT_RETAIN_SELF = YES;
				CLANG_WARN_OBJC_LITERAL_CONVERSION = YES;
				CLANG_WARN_OBJC_ROOT_CLASS = YES_ERROR;
				CLANG_WARN_QUOTED_INCLUDE_IN_FRAMEWORK_HEADER = YES;
				CLANG_WARN_RANGE_LOOP_ANALYSIS = YES;
				CLANG_WARN_STRICT_PROTOTYPES = YES;
				CLANG_WARN_SUSPICIOUS_MOVE = YES;
				CLANG_WARN_UNGUARDED_AVAILABILITY = YES_AGGRESSIVE;
				CLANG_WARN_UNREACHABLE_CODE = YES;
				CLANG_WARN__DUPLICATE_METHOD_MATCH = YES;
				COPY_PHASE_STRIP = NO;
				DEBUG_INFORMATION_FORMAT = dwarf;
				ENABLE_STRICT_OBJC_MSGSEND = YES;
				ENABLE_TESTABILITY = YES;
				GCC_C_LANGUAGE_STANDARD = gnu11;
				GCC_DYNAMIC_NO_PIC = NO;
				GCC_NO_COMMON_BLOCKS = YES;
				GCC_OPTIMIZATION_LEVEL = 0;
				GCC_PREPROCESSOR_DEFINITIONS = (
					"DEBUG=1",
					"$(inherited)",
				);
				GCC_WARN_64_TO_32_BIT_CONVERSION = YES;
				GCC_WARN_ABOUT_RETURN_TYPE = YES_ERROR;
				GCC_WARN_UNDECLARED_SELECTOR = YES;
				GCC_WARN_UNINITIALIZED_AUTOS = YES_AGGRESSIVE;
				GCC_WARN_UNUSED_FUNCTION = YES;
				GCC_WARN_UNUSED_VARIABLE = YES;
				IPHONEOS_DEPLOYMENT_TARGET = 15.0;
				MTL_ENABLE_DEBUG_INFO = INCLUDE_SOURCE;
				MTL_FAST_MATH = YES;
				ONLY_ACTIVE_ARCH = YES;
				SDKROOT = iphoneos;
				SWIFT_ACTIVE_COMPILATION_CONDITIONS = DEBUG;
				SWIFT_OPTIMIZATION_LEVEL = "-Onone";
			};
			name = Debug;
		};
		866ADC0B29BA29340015E4CA /* Release */ = {
			isa = XCBuildConfiguration;
			buildSettings = {
				ALWAYS_SEARCH_USER_PATHS = NO;
				CLANG_ANALYZER_NONNULL = YES;
				CLANG_ANALYZER_NUMBER_OBJECT_CONVERSION = YES_AGGRESSIVE;
				CLANG_CXX_LANGUAGE_STANDARD = "gnu++20";
				CLANG_ENABLE_MODULES = YES;
				CLANG_ENABLE_OBJC_ARC = YES;
				CLANG_ENABLE_OBJC_WEAK = YES;
				CLANG_WARN_BLOCK_CAPTURE_AUTORELEASING = YES;
				CLANG_WARN_BOOL_CONVERSION = YES;
				CLANG_WARN_COMMA = YES;
				CLANG_WARN_CONSTANT_CONVERSION = YES;
				CLANG_WARN_DEPRECATED_OBJC_IMPLEMENTATIONS = YES;
				CLANG_WARN_DIRECT_OBJC_ISA_USAGE = YES_ERROR;
				CLANG_WARN_DOCUMENTATION_COMMENTS = YES;
				CLANG_WARN_EMPTY_BODY = YES;
				CLANG_WARN_ENUM_CONVERSION = YES;
				CLANG_WARN_INFINITE_RECURSION = YES;
				CLANG_WARN_INT_CONVERSION = YES;
				CLANG_WARN_NON_LITERAL_NULL_CONVERSION = YES;
				CLANG_WARN_OBJC_IMPLICIT_RETAIN_SELF = YES;
				CLANG_WARN_OBJC_LITERAL_CONVERSION = YES;
				CLANG_WARN_OBJC_ROOT_CLASS = YES_ERROR;
				CLANG_WARN_QUOTED_INCLUDE_IN_FRAMEWORK_HEADER = YES;
				CLANG_WARN_RANGE_LOOP_ANALYSIS = YES;
				CLANG_WARN_STRICT_PROTOTYPES = YES;
				CLANG_WARN_SUSPICIOUS_MOVE = YES;
				CLANG_WARN_UNGUARDED_AVAILABILITY = YES_AGGRESSIVE;
				CLANG_WARN_UNREACHABLE_CODE = YES;
				CLANG_WARN__DUPLICATE_METHOD_MATCH = YES;
				COPY_PHASE_STRIP = NO;
				DEBUG_INFORMATION_FORMAT = "dwarf-with-dsym";
				ENABLE_NS_ASSERTIONS = NO;
				ENABLE_STRICT_OBJC_MSGSEND = YES;
				GCC_C_LANGUAGE_STANDARD = gnu11;
				GCC_NO_COMMON_BLOCKS = YES;
				GCC_WARN_64_TO_32_BIT_CONVERSION = YES;
				GCC_WARN_ABOUT_RETURN_TYPE = YES_ERROR;
				GCC_WARN_UNDECLARED_SELECTOR = YES;
				GCC_WARN_UNINITIALIZED_AUTOS = YES_AGGRESSIVE;
				GCC_WARN_UNUSED_FUNCTION = YES;
				GCC_WARN_UNUSED_VARIABLE = YES;
				IPHONEOS_DEPLOYMENT_TARGET = 15.0;
				MTL_ENABLE_DEBUG_INFO = NO;
				MTL_FAST_MATH = YES;
				SDKROOT = iphoneos;
				SWIFT_COMPILATION_MODE = wholemodule;
				SWIFT_OPTIMIZATION_LEVEL = "-O";
				VALIDATE_PRODUCT = YES;
			};
			name = Release;
		};
		866ADC0D29BA29340015E4CA /* Debug */ = {
			isa = XCBuildConfiguration;
			buildSettings = {
				ASSETCATALOG_COMPILER_APPICON_NAME = AppIcon;
				ASSETCATALOG_COMPILER_GLOBAL_ACCENT_COLOR_NAME = AccentColor;
				CODE_SIGN_ENTITLEMENTS = DesignEngine/DesignEngine.entitlements;
				CODE_SIGN_STYLE = Automatic;
				CURRENT_PROJECT_VERSION = 1;
				DEVELOPMENT_ASSET_PATHS = "\"DesignEngine/Preview Content\"";
				DEVELOPMENT_TEAM = 87AFZF6RL2;
				ENABLE_PREVIEWS = YES;
				GENERATE_INFOPLIST_FILE = YES;
				INFOPLIST_KEY_UIApplicationSceneManifest_Generation = YES;
				INFOPLIST_KEY_UIApplicationSupportsIndirectInputEvents = YES;
				INFOPLIST_KEY_UILaunchScreen_Generation = YES;
				INFOPLIST_KEY_UISupportedInterfaceOrientations_iPad = "UIInterfaceOrientationPortrait UIInterfaceOrientationPortraitUpsideDown UIInterfaceOrientationLandscapeLeft UIInterfaceOrientationLandscapeRight";
				INFOPLIST_KEY_UISupportedInterfaceOrientations_iPhone = UIInterfaceOrientationPortrait;
				IPHONEOS_DEPLOYMENT_TARGET = 15.0;
				LD_RUNPATH_SEARCH_PATHS = (
					"$(inherited)",
					"@executable_path/Frameworks",
				);
				MARKETING_VERSION = 1.0;
				PRODUCT_BUNDLE_IDENTIFIER = co.jdocampom.DesignEngine;
				PRODUCT_NAME = "$(TARGET_NAME)";
				SWIFT_EMIT_LOC_STRINGS = YES;
				SWIFT_VERSION = 5.0;
				TARGETED_DEVICE_FAMILY = "1,2";
			};
			name = Debug;
		};
		866ADC0E29BA29340015E4CA /* Release */ = {
			isa = XCBuildConfiguration;
			buildSettings = {
				ASSETCATALOG_COMPILER_APPICON_NAME = AppIcon;
				ASSETCATALOG_COMPILER_GLOBAL_ACCENT_COLOR_NAME = AccentColor;
				CODE_SIGN_ENTITLEMENTS = DesignEngine/DesignEngine.entitlements;
				CODE_SIGN_STYLE = Automatic;
				CURRENT_PROJECT_VERSION = 1;
				DEVELOPMENT_ASSET_PATHS = "\"DesignEngine/Preview Content\"";
				DEVELOPMENT_TEAM = 87AFZF6RL2;
				ENABLE_PREVIEWS = YES;
				GENERATE_INFOPLIST_FILE = YES;
				INFOPLIST_KEY_UIApplicationSceneManifest_Generation = YES;
				INFOPLIST_KEY_UIApplicationSupportsIndirectInputEvents = YES;
				INFOPLIST_KEY_UILaunchScreen_Generation = YES;
				INFOPLIST_KEY_UISupportedInterfaceOrientations_iPad = "UIInterfaceOrientationPortrait UIInterfaceOrientationPortraitUpsideDown UIInterfaceOrientationLandscapeLeft UIInterfaceOrientationLandscapeRight";
				INFOPLIST_KEY_UISupportedInterfaceOrientations_iPhone = UIInterfaceOrientationPortrait;
				IPHONEOS_DEPLOYMENT_TARGET = 15.0;
				LD_RUNPATH_SEARCH_PATHS = (
					"$(inherited)",
					"@executable_path/Frameworks",
				);
				MARKETING_VERSION = 1.0;
				PRODUCT_BUNDLE_IDENTIFIER = co.jdocampom.DesignEngine;
				PRODUCT_NAME = "$(TARGET_NAME)";
				SWIFT_EMIT_LOC_STRINGS = YES;
				SWIFT_VERSION = 5.0;
				TARGETED_DEVICE_FAMILY = "1,2";
			};
			name = Release;
		};
/* End XCBuildConfiguration section */

/* Begin XCConfigurationList section */
		866ADBF929BA29320015E4CA /* Build configuration list for PBXProject "DesignEngine" */ = {
			isa = XCConfigurationList;
			buildConfigurations = (
				866ADC0A29BA29340015E4CA /* Debug */,
				866ADC0B29BA29340015E4CA /* Release */,
			);
			defaultConfigurationIsVisible = 0;
			defaultConfigurationName = Release;
		};
		866ADC0C29BA29340015E4CA /* Build configuration list for PBXNativeTarget "DesignEngine" */ = {
			isa = XCConfigurationList;
			buildConfigurations = (
				866ADC0D29BA29340015E4CA /* Debug */,
				866ADC0E29BA29340015E4CA /* Release */,
			);
			defaultConfigurationIsVisible = 0;
			defaultConfigurationName = Release;
		};
/* End XCConfigurationList section */

/* Begin XCSwiftPackageProductDependency section */
		86DBD9C329EEC71400D060D6 /* ITUIBuilderKit */ = {
			isa = XCSwiftPackageProductDependency;
			productName = ITUIBuilderKit;
		};
/* End XCSwiftPackageProductDependency section */
	};
	rootObject = 866ADBF629BA29320015E4CA /* Project object */;
}
